
Microsoft Visual Studio Solution File, Format Version 12.00
# Visual Studio Version 17
VisualStudioVersion = 17.10.34928.147
MinimumVisualStudioVersion = 10.0.40219.1
Project("{FAE04EC0-301F-11D3-BF4B-00C04F79EFBC}") = "SystemDevelopment", "SystemDevelopment.csproj", "{AB7DB483-B9A7-488C-931C-869B271621B9}"
EndProject
Global
	GlobalSection(SolutionConfigurationPlatforms) = preSolution
		Debug|Any CPU = Debug|Any CPU
		Release|Any CPU = Release|Any CPU
	EndGlobalSection
	GlobalSection(ProjectConfigurationPlatforms) = postSolution
		{AB7DB483-B9A7-488C-931C-869B271621B9}.Debug|Any CPU.ActiveCfg = Debug|Any CPU
		{AB7DB483-B9A7-488C-931C-869B271621B9}.Debug|Any CPU.Build.0 = Debug|Any CPU
		{AB7DB483-B9A7-488C-931C-869B271621B9}.Release|Any CPU.ActiveCfg = Release|Any CPU
		{AB7DB483-B9A7-488C-931C-869B271621B9}.Release|Any CPU.Build.0 = Release|Any CPU
	EndGlobalSection
	GlobalSection(SolutionProperties) = preSolution
		HideSolutionNode = FALSE
	EndGlobalSection
	GlobalSection(ExtensibilityGlobals) = postSolution
		SolutionGuid = {4C9B3CA5-5946-4115-8793-706EE2AB980F}
	EndGlobalSection
EndGlobal
